
Microsoft Visual Studio Solution File, Format Version 12.00
# Visual Studio 15
VisualStudioVersion = 15.0.28307.1145
MinimumVisualStudioVersion = 10.0.40219.1
Project("{FAE04EC0-301F-11D3-BF4B-00C04F79EFBC}") = "FBS Telemetry Viewer", "FBS Telemetry Viewer\FBS Telemetry Viewer.csproj", "{883B986C-AE44-41E8-AEFD-551797AD3166}"
EndProject
Global
	GlobalSection(SolutionConfigurationPlatforms) = preSolution
		Debug|Any CPU = Debug|Any CPU
		Release|Any CPU = Release|Any CPU
	EndGlobalSection
	GlobalSection(ProjectConfigurationPlatforms) = postSolution
		{883B986C-AE44-41E8-AEFD-551797AD3166}.Debug|Any CPU.ActiveCfg = Debug|Any CPU
		{883B986C-AE44-41E8-AEFD-551797AD3166}.Debug|Any CPU.Build.0 = Debug|Any CPU
		{883B986C-AE44-41E8-AEFD-551797AD3166}.Release|Any CPU.ActiveCfg = Release|Any CPU
		{883B986C-AE44-41E8-AEFD-551797AD3166}.Release|Any CPU.Build.0 = Release|Any CPU
	EndGlobalSection
	GlobalSection(SolutionProperties) = preSolution
		HideSolutionNode = FALSE
	EndGlobalSection
	GlobalSection(ExtensibilityGlobals) = postSolution
		SolutionGuid = {71FC6BB2-FF68-4B42-B784-D8750BEC5857}
	EndGlobalSection
EndGlobal
